
Microsoft Visual Studio Solution File, Format Version 12.00
# Visual Studio Version 16
VisualStudioVersion = 16.0.30804.86
MinimumVisualStudioVersion = 10.0.40219.1
Project("{9A19103F-16F7-4668-BE54-9A1E7A4F7556}") = "GalaxyBudsClient", "GalaxyBudsClient\GalaxyBudsClient.csproj", "{1DFCF45B-9817-45EF-9BBB-9DACA8F3E4E6}"
EndProject
Project("{9A19103F-16F7-4668-BE54-9A1E7A4F7556}") = "GalaxyBudsClient.Bluetooth.Linux", "GalaxyBudsClient.Bluetooth.Linux\GalaxyBudsClient.Bluetooth.Linux.csproj", "{DD32EA98-F26F-4629-B78F-F9F68C9BDA37}"
EndProject
Project("{9A19103F-16F7-4668-BE54-9A1E7A4F7556}") = "ThePBone.BlueZNet", "ThePBone.BlueZNet\ThePBone.BlueZNet.csproj", "{753E53D6-0351-4681-BA13-B9ABCF07D370}"
EndProject
Project("{9A19103F-16F7-4668-BE54-9A1E7A4F7556}") = "GalaxyBudsClient.Bluetooth", "GalaxyBudsClient.Bluetooth\GalaxyBudsClient.Bluetooth.csproj", "{B9AE8AD4-5A51-4A46-AEAE-B7A61B8450E8}"
EndProject
Project("{9A19103F-16F7-4668-BE54-9A1E7A4F7556}") = "GalaxyBudsClient.Bluetooth.Windows", "GalaxyBudsClient.Bluetooth.Windows\GalaxyBudsClient.Bluetooth.Windows.csproj", "{73B48D11-E52D-46B2-AA81-FE8A50CA8234}"
EndProject
Project("{9A19103F-16F7-4668-BE54-9A1E7A4F7556}") = "InTheHand.Net.Personal.Core", "InTheHand.Net.Personal.Core\InTheHand.Net.Personal.Core.csproj", "{1411DDEF-EFBC-4BF1-9292-0E74261A587D}"
EndProject
Project("{9A19103F-16F7-4668-BE54-9A1E7A4F7556}") = "ThePBone.Interop.Win32.Devices", "ThePBone.Interop.Win32.Devices\ThePBone.Interop.Win32.Devices.csproj", "{52D12371-856C-489B-9F01-40288FD12B6F}"
EndProject
Global
	GlobalSection(SolutionConfigurationPlatforms) = preSolution
		CodeAnalysis|Any CPU = CodeAnalysis|Any CPU
		Debug|Any CPU = Debug|Any CPU
		Release|Any CPU = Release|Any CPU
	EndGlobalSection
	GlobalSection(ProjectConfigurationPlatforms) = postSolution
		{1DFCF45B-9817-45EF-9BBB-9DACA8F3E4E6}.CodeAnalysis|Any CPU.ActiveCfg = Release|Any CPU
		{1DFCF45B-9817-45EF-9BBB-9DACA8F3E4E6}.CodeAnalysis|Any CPU.Build.0 = Release|Any CPU
		{1DFCF45B-9817-45EF-9BBB-9DACA8F3E4E6}.Debug|Any CPU.ActiveCfg = Debug|Any CPU
		{1DFCF45B-9817-45EF-9BBB-9DACA8F3E4E6}.Debug|Any CPU.Build.0 = Debug|Any CPU
		{1DFCF45B-9817-45EF-9BBB-9DACA8F3E4E6}.Release|Any CPU.ActiveCfg = Release|Any CPU
		{1DFCF45B-9817-45EF-9BBB-9DACA8F3E4E6}.Release|Any CPU.Build.0 = Release|Any CPU
		{DD32EA98-F26F-4629-B78F-F9F68C9BDA37}.CodeAnalysis|Any CPU.ActiveCfg = Release|Any CPU
		{DD32EA98-F26F-4629-B78F-F9F68C9BDA37}.CodeAnalysis|Any CPU.Build.0 = Release|Any CPU
		{DD32EA98-F26F-4629-B78F-F9F68C9BDA37}.Debug|Any CPU.ActiveCfg = Debug|Any CPU
		{DD32EA98-F26F-4629-B78F-F9F68C9BDA37}.Debug|Any CPU.Build.0 = Debug|Any CPU
		{DD32EA98-F26F-4629-B78F-F9F68C9BDA37}.Release|Any CPU.ActiveCfg = Release|Any CPU
		{DD32EA98-F26F-4629-B78F-F9F68C9BDA37}.Release|Any CPU.Build.0 = Release|Any CPU
		{753E53D6-0351-4681-BA13-B9ABCF07D370}.CodeAnalysis|Any CPU.ActiveCfg = Release|Any CPU
		{753E53D6-0351-4681-BA13-B9ABCF07D370}.CodeAnalysis|Any CPU.Build.0 = Release|Any CPU
		{753E53D6-0351-4681-BA13-B9ABCF07D370}.Debug|Any CPU.ActiveCfg = Debug|Any CPU
		{753E53D6-0351-4681-BA13-B9ABCF07D370}.Debug|Any CPU.Build.0 = Debug|Any CPU
		{753E53D6-0351-4681-BA13-B9ABCF07D370}.Release|Any CPU.ActiveCfg = Release|Any CPU
		{753E53D6-0351-4681-BA13-B9ABCF07D370}.Release|Any CPU.Build.0 = Release|Any CPU
		{B9AE8AD4-5A51-4A46-AEAE-B7A61B8450E8}.CodeAnalysis|Any CPU.ActiveCfg = Release|Any CPU
		{B9AE8AD4-5A51-4A46-AEAE-B7A61B8450E8}.CodeAnalysis|Any CPU.Build.0 = Release|Any CPU
		{B9AE8AD4-5A51-4A46-AEAE-B7A61B8450E8}.Debug|Any CPU.ActiveCfg = Debug|Any CPU
		{B9AE8AD4-5A51-4A46-AEAE-B7A61B8450E8}.Debug|Any CPU.Build.0 = Debug|Any CPU
		{B9AE8AD4-5A51-4A46-AEAE-B7A61B8450E8}.Release|Any CPU.ActiveCfg = Release|Any CPU
		{B9AE8AD4-5A51-4A46-AEAE-B7A61B8450E8}.Release|Any CPU.Build.0 = Release|Any CPU
		{73B48D11-E52D-46B2-AA81-FE8A50CA8234}.CodeAnalysis|Any CPU.ActiveCfg = Release|Any CPU
		{73B48D11-E52D-46B2-AA81-FE8A50CA8234}.CodeAnalysis|Any CPU.Build.0 = Release|Any CPU
		{73B48D11-E52D-46B2-AA81-FE8A50CA8234}.Debug|Any CPU.ActiveCfg = Debug|Any CPU
		{73B48D11-E52D-46B2-AA81-FE8A50CA8234}.Debug|Any CPU.Build.0 = Debug|Any CPU
		{73B48D11-E52D-46B2-AA81-FE8A50CA8234}.Release|Any CPU.ActiveCfg = Release|Any CPU
		{73B48D11-E52D-46B2-AA81-FE8A50CA8234}.Release|Any CPU.Build.0 = Release|Any CPU
		{1411DDEF-EFBC-4BF1-9292-0E74261A587D}.CodeAnalysis|Any CPU.ActiveCfg = CodeAnalysis|Any CPU
		{1411DDEF-EFBC-4BF1-9292-0E74261A587D}.CodeAnalysis|Any CPU.Build.0 = CodeAnalysis|Any CPU
		{1411DDEF-EFBC-4BF1-9292-0E74261A587D}.Debug|Any CPU.ActiveCfg = Debug|Any CPU
		{1411DDEF-EFBC-4BF1-9292-0E74261A587D}.Debug|Any CPU.Build.0 = Debug|Any CPU
		{1411DDEF-EFBC-4BF1-9292-0E74261A587D}.Release|Any CPU.ActiveCfg = Release|Any CPU
		{1411DDEF-EFBC-4BF1-9292-0E74261A587D}.Release|Any CPU.Build.0 = Release|Any CPU
		{52D12371-856C-489B-9F01-40288FD12B6F}.CodeAnalysis|Any CPU.ActiveCfg = Debug|Any CPU
		{52D12371-856C-489B-9F01-40288FD12B6F}.CodeAnalysis|Any CPU.Build.0 = Debug|Any CPU
		{52D12371-856C-489B-9F01-40288FD12B6F}.Debug|Any CPU.ActiveCfg = Debug|Any CPU
		{52D12371-856C-489B-9F01-40288FD12B6F}.Debug|Any CPU.Build.0 = Debug|Any CPU
		{52D12371-856C-489B-9F01-40288FD12B6F}.Release|Any CPU.ActiveCfg = Release|Any CPU
		{52D12371-856C-489B-9F01-40288FD12B6F}.Release|Any CPU.Build.0 = Release|Any CPU
	EndGlobalSection
	GlobalSection(SolutionProperties) = preSolution
		HideSolutionNode = FALSE
	EndGlobalSection
	GlobalSection(ExtensibilityGlobals) = postSolution
		SolutionGuid = {6D3A5584-3EB4-48A7-83B8-E2F634C747AC}
	EndGlobalSection
EndGlobal
