
Microsoft Visual Studio Solution File, Format Version 12.00
Project("{FAE04EC0-301F-11D3-BF4B-00C04F79EFBC}") = "ThePBone.OSX.Native", "ThePBone.OSX.Native\ThePBone.OSX.Native.csproj", "{B613DF11-6E22-424A-9D7F-ED085F761FB4}"
EndProject
Project("{FAE04EC0-301F-11D3-BF4B-00C04F79EFBC}") = "ContainerApp", "ContainerApp\ContainerApp.csproj", "{EAAD12D5-77F9-4C0F-82BC-81C7301ABF69}"
EndProject
Global
	GlobalSection(SolutionConfigurationPlatforms) = preSolution
		Debug|Any CPU = Debug|Any CPU
		Release|Any CPU = Release|Any CPU
	EndGlobalSection
	GlobalSection(ProjectConfigurationPlatforms) = postSolution
		{B613DF11-6E22-424A-9D7F-ED085F761FB4}.Debug|Any CPU.ActiveCfg = Debug|Any CPU
		{B613DF11-6E22-424A-9D7F-ED085F761FB4}.Debug|Any CPU.Build.0 = Debug|Any CPU
		{B613DF11-6E22-424A-9D7F-ED085F761FB4}.Release|Any CPU.ActiveCfg = Release|Any CPU
		{B613DF11-6E22-424A-9D7F-ED085F761FB4}.Release|Any CPU.Build.0 = Release|Any CPU
		{EAAD12D5-77F9-4C0F-82BC-81C7301ABF69}.Debug|Any CPU.ActiveCfg = Debug|Any CPU
		{EAAD12D5-77F9-4C0F-82BC-81C7301ABF69}.Debug|Any CPU.Build.0 = Debug|Any CPU
		{EAAD12D5-77F9-4C0F-82BC-81C7301ABF69}.Release|Any CPU.ActiveCfg = Release|Any CPU
		{EAAD12D5-77F9-4C0F-82BC-81C7301ABF69}.Release|Any CPU.Build.0 = Release|Any CPU
	EndGlobalSection
EndGlobal
