// !$*UTF8*$!
{
	archiveVersion = 1;
	classes = {
	};
	objectVersion = 56;
	objects = {

/* Begin PBXBuildFile section */
		0182643F2B7655F6009DDEDE /* AppKit.framework in Frameworks */ = {isa = PBXBuildFile; fileRef = 0182643E2B7655F6009DDEDE /* AppKit.framework */; };
		018264412B765604009DDEDE /* Foundation.framework in Frameworks */ = {isa = PBXBuildFile; fileRef = 018264402B765604009DDEDE /* Foundation.framework */; };
		018264432B76560B009DDEDE /* IOBluetooth.framework in Frameworks */ = {isa = PBXBuildFile; fileRef = 018264422B76560B009DDEDE /* IOBluetooth.framework */; };
		018264762B7656DD009DDEDE /* BluetoothDeviceWatcher.mm in Sources */ = {isa = PBXBuildFile; fileRef = 018264662B7656DD009DDEDE /* BluetoothDeviceWatcher.mm */; };
		018264772B7656DD009DDEDE /* LaunchAtLoginController.m in Sources */ = {isa = PBXBuildFile; fileRef = 018264672B7656DD009DDEDE /* LaunchAtLoginController.m */; };
		018264782B7656DD009DDEDE /* Bluetooth.mm in Sources */ = {isa = PBXBuildFile; fileRef = 018264682B7656DD009DDEDE /* Bluetooth.mm */; };
		018264792B7656DD009DDEDE /* Native.Memory.mm in Sources */ = {isa = PBXBuildFile; fileRef = 0182646A2B7656DD009DDEDE /* Native.Memory.mm */; };
		0182647A2B7656DD009DDEDE /* Native.Bluetooth.mm in Sources */ = {isa = PBXBuildFile; fileRef = 0182646B2B7656DD009DDEDE /* Native.Bluetooth.mm */; };
		0182647B2B7656DD009DDEDE /* Native.AppUtils.mm in Sources */ = {isa = PBXBuildFile; fileRef = 0182646C2B7656DD009DDEDE /* Native.AppUtils.mm */; };
		0182647C2B7656DD009DDEDE /* HotkeyManager.swift in Sources */ = {isa = PBXBuildFile; fileRef = 0182646D2B7656DD009DDEDE /* HotkeyManager.swift */; };
		0182647D2B7656DD009DDEDE /* Bluetooth.h in Headers */ = {isa = PBXBuildFile; fileRef = 0182646E2B7656DD009DDEDE /* Bluetooth.h */; };
		0182647E2B7656DD009DDEDE /* NIBridge.mm in Sources */ = {isa = PBXBuildFile; fileRef = 0182646F2B7656DD009DDEDE /* NIBridge.mm */; };
		0182647F2B7656DD009DDEDE /* LaunchAtLoginController.h in Headers */ = {isa = PBXBuildFile; fileRef = 018264702B7656DD009DDEDE /* LaunchAtLoginController.h */; };
		018264802B7656DD009DDEDE /* NIBridge.h in Headers */ = {isa = PBXBuildFile; fileRef = 018264712B7656DD009DDEDE /* NIBridge.h */; };
		018264812B7656DD009DDEDE /* NativeInterop-Bridging-Header.h in Headers */ = {isa = PBXBuildFile; fileRef = 018264722B7656DD009DDEDE /* NativeInterop-Bridging-Header.h */; };
		018264822B7656DD009DDEDE /* BluetoothDeviceWatcher.h in Headers */ = {isa = PBXBuildFile; fileRef = 018264732B7656DD009DDEDE /* BluetoothDeviceWatcher.h */; };
		018264832B7656DD009DDEDE /* Native.h in Headers */ = {isa = PBXBuildFile; fileRef = 018264752B7656DD009DDEDE /* Native.h */; };
		0194D8F52B7650E000B647DB /* Magnet in Frameworks */ = {isa = PBXBuildFile; productRef = 0194D8F42B7650E000B647DB /* Magnet */; };
		0194D8F82B7650FC00B647DB /* Sauce in Frameworks */ = {isa = PBXBuildFile; productRef = 0194D8F72B7650FC00B647DB /* Sauce */; };
/* End PBXBuildFile section */

/* Begin PBXFileReference section */
		0182643E2B7655F6009DDEDE /* AppKit.framework */ = {isa = PBXFileReference; lastKnownFileType = wrapper.framework; name = AppKit.framework; path = System/Library/Frameworks/AppKit.framework; sourceTree = SDKROOT; };
		018264402B765604009DDEDE /* Foundation.framework */ = {isa = PBXFileReference; lastKnownFileType = wrapper.framework; name = Foundation.framework; path = System/Library/Frameworks/Foundation.framework; sourceTree = SDKROOT; };
		018264422B76560B009DDEDE /* IOBluetooth.framework */ = {isa = PBXFileReference; lastKnownFileType = wrapper.framework; name = IOBluetooth.framework; path = System/Library/Frameworks/IOBluetooth.framework; sourceTree = SDKROOT; };
		018264662B7656DD009DDEDE /* BluetoothDeviceWatcher.mm */ = {isa = PBXFileReference; fileEncoding = 4; lastKnownFileType = sourcecode.cpp.objcpp; path = BluetoothDeviceWatcher.mm; sourceTree = "<group>"; };
		018264672B7656DD009DDEDE /* LaunchAtLoginController.m */ = {isa = PBXFileReference; fileEncoding = 4; lastKnownFileType = sourcecode.c.objc; path = LaunchAtLoginController.m; sourceTree = "<group>"; };
		018264682B7656DD009DDEDE /* Bluetooth.mm */ = {isa = PBXFileReference; fileEncoding = 4; lastKnownFileType = sourcecode.cpp.objcpp; path = Bluetooth.mm; sourceTree = "<group>"; };
		0182646A2B7656DD009DDEDE /* Native.Memory.mm */ = {isa = PBXFileReference; fileEncoding = 4; lastKnownFileType = sourcecode.cpp.objcpp; path = Native.Memory.mm; sourceTree = "<group>"; };
		0182646B2B7656DD009DDEDE /* Native.Bluetooth.mm */ = {isa = PBXFileReference; fileEncoding = 4; lastKnownFileType = sourcecode.cpp.objcpp; path = Native.Bluetooth.mm; sourceTree = "<group>"; };
		0182646C2B7656DD009DDEDE /* Native.AppUtils.mm */ = {isa = PBXFileReference; fileEncoding = 4; lastKnownFileType = sourcecode.cpp.objcpp; path = Native.AppUtils.mm; sourceTree = "<group>"; };
		0182646D2B7656DD009DDEDE /* HotkeyManager.swift */ = {isa = PBXFileReference; fileEncoding = 4; lastKnownFileType = sourcecode.swift; path = HotkeyManager.swift; sourceTree = "<group>"; };
		0182646E2B7656DD009DDEDE /* Bluetooth.h */ = {isa = PBXFileReference; fileEncoding = 4; lastKnownFileType = sourcecode.c.h; path = Bluetooth.h; sourceTree = "<group>"; };
		0182646F2B7656DD009DDEDE /* NIBridge.mm */ = {isa = PBXFileReference; fileEncoding = 4; lastKnownFileType = sourcecode.cpp.objcpp; path = NIBridge.mm; sourceTree = "<group>"; };
		018264702B7656DD009DDEDE /* LaunchAtLoginController.h */ = {isa = PBXFileReference; fileEncoding = 4; lastKnownFileType = sourcecode.c.h; path = LaunchAtLoginController.h; sourceTree = "<group>"; };
		018264712B7656DD009DDEDE /* NIBridge.h */ = {isa = PBXFileReference; fileEncoding = 4; lastKnownFileType = sourcecode.c.h; path = NIBridge.h; sourceTree = "<group>"; };
		018264722B7656DD009DDEDE /* NativeInterop-Bridging-Header.h */ = {isa = PBXFileReference; fileEncoding = 4; lastKnownFileType = sourcecode.c.h; path = "NativeInterop-Bridging-Header.h"; sourceTree = "<group>"; };
		018264732B7656DD009DDEDE /* BluetoothDeviceWatcher.h */ = {isa = PBXFileReference; fileEncoding = 4; lastKnownFileType = sourcecode.c.h; path = BluetoothDeviceWatcher.h; sourceTree = "<group>"; };
		018264752B7656DD009DDEDE /* Native.h */ = {isa = PBXFileReference; fileEncoding = 4; lastKnownFileType = sourcecode.c.h; path = Native.h; sourceTree = "<group>"; };
		0184E2F62B76502D00875BB7 /* libNativeInterop.dylib */ = {isa = PBXFileReference; explicitFileType = "compiled.mach-o.dylib"; includeInIndex = 0; path = libNativeInterop.dylib; sourceTree = BUILT_PRODUCTS_DIR; };
/* End PBXFileReference section */

/* Begin PBXFrameworksBuildPhase section */
		0184E2F42B76502D00875BB7 /* Frameworks */ = {
			isa = PBXFrameworksBuildPhase;
			buildActionMask = 2147483647;
			files = (
				0182643F2B7655F6009DDEDE /* AppKit.framework in Frameworks */,
				0194D8F82B7650FC00B647DB /* Sauce in Frameworks */,
				0194D8F52B7650E000B647DB /* Magnet in Frameworks */,
				018264412B765604009DDEDE /* Foundation.framework in Frameworks */,
				018264432B76560B009DDEDE /* IOBluetooth.framework in Frameworks */,
			);
			runOnlyForDeploymentPostprocessing = 0;
		};
/* End PBXFrameworksBuildPhase section */

/* Begin PBXGroup section */
		0182643D2B7655F6009DDEDE /* Frameworks */ = {
			isa = PBXGroup;
			children = (
				018264422B76560B009DDEDE /* IOBluetooth.framework */,
				018264402B765604009DDEDE /* Foundation.framework */,
				0182643E2B7655F6009DDEDE /* AppKit.framework */,
			);
			name = Frameworks;
			sourceTree = "<group>";
		};
		018264652B7656DD009DDEDE /* src */ = {
			isa = PBXGroup;
			children = (
				018264662B7656DD009DDEDE /* BluetoothDeviceWatcher.mm */,
				018264672B7656DD009DDEDE /* LaunchAtLoginController.m */,
				018264682B7656DD009DDEDE /* Bluetooth.mm */,
				018264692B7656DD009DDEDE /* bridge */,
				0182646D2B7656DD009DDEDE /* HotkeyManager.swift */,
				0182646E2B7656DD009DDEDE /* Bluetooth.h */,
				0182646F2B7656DD009DDEDE /* NIBridge.mm */,
				018264702B7656DD009DDEDE /* LaunchAtLoginController.h */,
				018264712B7656DD009DDEDE /* NIBridge.h */,
				018264722B7656DD009DDEDE /* NativeInterop-Bridging-Header.h */,
				018264732B7656DD009DDEDE /* BluetoothDeviceWatcher.h */,
			);
			path = src;
			sourceTree = "<group>";
		};
		018264692B7656DD009DDEDE /* bridge */ = {
			isa = PBXGroup;
			children = (
				0182646A2B7656DD009DDEDE /* Native.Memory.mm */,
				0182646B2B7656DD009DDEDE /* Native.Bluetooth.mm */,
				0182646C2B7656DD009DDEDE /* Native.AppUtils.mm */,
			);
			path = bridge;
			sourceTree = "<group>";
		};
		018264742B7656DD009DDEDE /* include */ = {
			isa = PBXGroup;
			children = (
				018264752B7656DD009DDEDE /* Native.h */,
			);
			path = include;
			sourceTree = "<group>";
		};
		0184E2ED2B76502D00875BB7 = {
			isa = PBXGroup;
			children = (
				018264742B7656DD009DDEDE /* include */,
				018264652B7656DD009DDEDE /* src */,
				0184E2F72B76502D00875BB7 /* Products */,
				0182643D2B7655F6009DDEDE /* Frameworks */,
			);
			sourceTree = "<group>";
		};
		0184E2F72B76502D00875BB7 /* Products */ = {
			isa = PBXGroup;
			children = (
				0184E2F62B76502D00875BB7 /* libNativeInterop.dylib */,
			);
			name = Products;
			sourceTree = "<group>";
		};
/* End PBXGroup section */

/* Begin PBXHeadersBuildPhase section */
		0184E2F22B76502D00875BB7 /* Headers */ = {
			isa = PBXHeadersBuildPhase;
			buildActionMask = 2147483647;
			files = (
				018264802B7656DD009DDEDE /* NIBridge.h in Headers */,
				0182647F2B7656DD009DDEDE /* LaunchAtLoginController.h in Headers */,
				018264812B7656DD009DDEDE /* NativeInterop-Bridging-Header.h in Headers */,
				018264832B7656DD009DDEDE /* Native.h in Headers */,
				0182647D2B7656DD009DDEDE /* Bluetooth.h in Headers */,
				018264822B7656DD009DDEDE /* BluetoothDeviceWatcher.h in Headers */,
			);
			runOnlyForDeploymentPostprocessing = 0;
		};
/* End PBXHeadersBuildPhase section */

/* Begin PBXNativeTarget section */
		0184E2F52B76502D00875BB7 /* NativeInterop */ = {
			isa = PBXNativeTarget;
			buildConfigurationList = 0184E2FF2B76502D00875BB7 /* Build configuration list for PBXNativeTarget "NativeInterop" */;
			buildPhases = (
				0184E2F22B76502D00875BB7 /* Headers */,
				0184E2F32B76502D00875BB7 /* Sources */,
				0184E2F42B76502D00875BB7 /* Frameworks */,
			);
			buildRules = (
			);
			dependencies = (
			);
			name = NativeInterop;
			packageProductDependencies = (
				0194D8F42B7650E000B647DB /* Magnet */,
				0194D8F72B7650FC00B647DB /* Sauce */,
			);
			productName = libNativeInterop;
			productReference = 0184E2F62B76502D00875BB7 /* libNativeInterop.dylib */;
			productType = "com.apple.product-type.library.dynamic";
		};
/* End PBXNativeTarget section */

/* Begin PBXProject section */
		0184E2EE2B76502D00875BB7 /* Project object */ = {
			isa = PBXProject;
			attributes = {
				BuildIndependentTargetsInParallel = 1;
				LastUpgradeCheck = 1520;
				TargetAttributes = {
					0184E2F52B76502D00875BB7 = {
						CreatedOnToolsVersion = 15.2;
						LastSwiftMigration = 1520;
					};
				};
			};
			buildConfigurationList = 0184E2F12B76502D00875BB7 /* Build configuration list for PBXProject "NativeInterop" */;
			compatibilityVersion = "Xcode 14.0";
			developmentRegion = en;
			hasScannedForEncodings = 0;
			knownRegions = (
				en,
				Base,
			);
			mainGroup = 0184E2ED2B76502D00875BB7;
			packageReferences = (
				0194D8F32B7650E000B647DB /* XCRemoteSwiftPackageReference "Magnet" */,
				0194D8F62B7650FC00B647DB /* XCRemoteSwiftPackageReference "Sauce" */,
			);
			productRefGroup = 0184E2F72B76502D00875BB7 /* Products */;
			projectDirPath = "";
			projectRoot = "";
			targets = (
				0184E2F52B76502D00875BB7 /* NativeInterop */,
			);
		};
/* End PBXProject section */

/* Begin PBXSourcesBuildPhase section */
		0184E2F32B76502D00875BB7 /* Sources */ = {
			isa = PBXSourcesBuildPhase;
			buildActionMask = 2147483647;
			files = (
				018264762B7656DD009DDEDE /* BluetoothDeviceWatcher.mm in Sources */,
				0182647A2B7656DD009DDEDE /* Native.Bluetooth.mm in Sources */,
				018264772B7656DD009DDEDE /* LaunchAtLoginController.m in Sources */,
				0182647B2B7656DD009DDEDE /* Native.AppUtils.mm in Sources */,
				018264792B7656DD009DDEDE /* Native.Memory.mm in Sources */,
				0182647C2B7656DD009DDEDE /* HotkeyManager.swift in Sources */,
				018264782B7656DD009DDEDE /* Bluetooth.mm in Sources */,
				0182647E2B7656DD009DDEDE /* NIBridge.mm in Sources */,
			);
			runOnlyForDeploymentPostprocessing = 0;
		};
/* End PBXSourcesBuildPhase section */

/* Begin XCBuildConfiguration section */
		0184E2FD2B76502D00875BB7 /* Debug */ = {
			isa = XCBuildConfiguration;
			buildSettings = {
				ALWAYS_SEARCH_USER_PATHS = NO;
				ASSETCATALOG_COMPILER_GENERATE_SWIFT_ASSET_SYMBOL_EXTENSIONS = YES;
				CLANG_ANALYZER_NONNULL = YES;
				CLANG_ANALYZER_NUMBER_OBJECT_CONVERSION = YES_AGGRESSIVE;
				CLANG_CXX_LANGUAGE_STANDARD = "gnu++20";
				CLANG_ENABLE_MODULES = YES;
				CLANG_ENABLE_OBJC_ARC = YES;
				CLANG_ENABLE_OBJC_WEAK = YES;
				CLANG_WARN_BLOCK_CAPTURE_AUTORELEASING = YES;
				CLANG_WARN_BOOL_CONVERSION = YES;
				CLANG_WARN_COMMA = YES;
				CLANG_WARN_CONSTANT_CONVERSION = YES;
				CLANG_WARN_DEPRECATED_OBJC_IMPLEMENTATIONS = YES;
				CLANG_WARN_DIRECT_OBJC_ISA_USAGE = YES_ERROR;
				CLANG_WARN_DOCUMENTATION_COMMENTS = YES;
				CLANG_WARN_EMPTY_BODY = YES;
				CLANG_WARN_ENUM_CONVERSION = YES;
				CLANG_WARN_INFINITE_RECURSION = YES;
				CLANG_WARN_INT_CONVERSION = YES;
				CLANG_WARN_NON_LITERAL_NULL_CONVERSION = YES;
				CLANG_WARN_OBJC_IMPLICIT_RETAIN_SELF = YES;
				CLANG_WARN_OBJC_LITERAL_CONVERSION = YES;
				CLANG_WARN_OBJC_ROOT_CLASS = YES_ERROR;
				CLANG_WARN_QUOTED_INCLUDE_IN_FRAMEWORK_HEADER = YES;
				CLANG_WARN_RANGE_LOOP_ANALYSIS = YES;
				CLANG_WARN_STRICT_PROTOTYPES = YES;
				CLANG_WARN_SUSPICIOUS_MOVE = YES;
				CLANG_WARN_UNGUARDED_AVAILABILITY = YES_AGGRESSIVE;
				CLANG_WARN_UNREACHABLE_CODE = YES;
				CLANG_WARN__DUPLICATE_METHOD_MATCH = YES;
				COPY_PHASE_STRIP = NO;
				DEBUG_INFORMATION_FORMAT = dwarf;
				ENABLE_STRICT_OBJC_MSGSEND = YES;
				ENABLE_TESTABILITY = YES;
				ENABLE_USER_SCRIPT_SANDBOXING = YES;
				GCC_C_LANGUAGE_STANDARD = gnu17;
				GCC_DYNAMIC_NO_PIC = NO;
				GCC_NO_COMMON_BLOCKS = YES;
				GCC_OPTIMIZATION_LEVEL = 0;
				GCC_PREPROCESSOR_DEFINITIONS = (
					"DEBUG=1",
					"$(inherited)",
				);
				GCC_WARN_64_TO_32_BIT_CONVERSION = YES;
				GCC_WARN_ABOUT_RETURN_TYPE = YES_ERROR;
				GCC_WARN_UNDECLARED_SELECTOR = YES;
				GCC_WARN_UNINITIALIZED_AUTOS = YES_AGGRESSIVE;
				GCC_WARN_UNUSED_FUNCTION = YES;
				GCC_WARN_UNUSED_VARIABLE = YES;
				LOCALIZATION_PREFERS_STRING_CATALOGS = YES;
				MACOSX_DEPLOYMENT_TARGET = 10.13;
				MTL_ENABLE_DEBUG_INFO = INCLUDE_SOURCE;
				MTL_FAST_MATH = YES;
				ONLY_ACTIVE_ARCH = YES;
				SDKROOT = macosx;
			};
			name = Debug;
		};
		0184E2FE2B76502D00875BB7 /* Release */ = {
			isa = XCBuildConfiguration;
			buildSettings = {
				ALWAYS_SEARCH_USER_PATHS = NO;
				ASSETCATALOG_COMPILER_GENERATE_SWIFT_ASSET_SYMBOL_EXTENSIONS = YES;
				CLANG_ANALYZER_NONNULL = YES;
				CLANG_ANALYZER_NUMBER_OBJECT_CONVERSION = YES_AGGRESSIVE;
				CLANG_CXX_LANGUAGE_STANDARD = "gnu++20";
				CLANG_ENABLE_MODULES = YES;
				CLANG_ENABLE_OBJC_ARC = YES;
				CLANG_ENABLE_OBJC_WEAK = YES;
				CLANG_WARN_BLOCK_CAPTURE_AUTORELEASING = YES;
				CLANG_WARN_BOOL_CONVERSION = YES;
				CLANG_WARN_COMMA = YES;
				CLANG_WARN_CONSTANT_CONVERSION = YES;
				CLANG_WARN_DEPRECATED_OBJC_IMPLEMENTATIONS = YES;
				CLANG_WARN_DIRECT_OBJC_ISA_USAGE = YES_ERROR;
				CLANG_WARN_DOCUMENTATION_COMMENTS = YES;
				CLANG_WARN_EMPTY_BODY = YES;
				CLANG_WARN_ENUM_CONVERSION = YES;
				CLANG_WARN_INFINITE_RECURSION = YES;
				CLANG_WARN_INT_CONVERSION = YES;
				CLANG_WARN_NON_LITERAL_NULL_CONVERSION = YES;
				CLANG_WARN_OBJC_IMPLICIT_RETAIN_SELF = YES;
				CLANG_WARN_OBJC_LITERAL_CONVERSION = YES;
				CLANG_WARN_OBJC_ROOT_CLASS = YES_ERROR;
				CLANG_WARN_QUOTED_INCLUDE_IN_FRAMEWORK_HEADER = YES;
				CLANG_WARN_RANGE_LOOP_ANALYSIS = YES;
				CLANG_WARN_STRICT_PROTOTYPES = YES;
				CLANG_WARN_SUSPICIOUS_MOVE = YES;
				CLANG_WARN_UNGUARDED_AVAILABILITY = YES_AGGRESSIVE;
				CLANG_WARN_UNREACHABLE_CODE = YES;
				CLANG_WARN__DUPLICATE_METHOD_MATCH = YES;
				COPY_PHASE_STRIP = NO;
				DEBUG_INFORMATION_FORMAT = "dwarf-with-dsym";
				ENABLE_NS_ASSERTIONS = NO;
				ENABLE_STRICT_OBJC_MSGSEND = YES;
				ENABLE_USER_SCRIPT_SANDBOXING = YES;
				GCC_C_LANGUAGE_STANDARD = gnu17;
				GCC_NO_COMMON_BLOCKS = YES;
				GCC_WARN_64_TO_32_BIT_CONVERSION = YES;
				GCC_WARN_ABOUT_RETURN_TYPE = YES_ERROR;
				GCC_WARN_UNDECLARED_SELECTOR = YES;
				GCC_WARN_UNINITIALIZED_AUTOS = YES_AGGRESSIVE;
				GCC_WARN_UNUSED_FUNCTION = YES;
				GCC_WARN_UNUSED_VARIABLE = YES;
				LOCALIZATION_PREFERS_STRING_CATALOGS = YES;
				MACOSX_DEPLOYMENT_TARGET = 10.13;
				MTL_ENABLE_DEBUG_INFO = NO;
				MTL_FAST_MATH = YES;
				SDKROOT = macosx;
			};
			name = Release;
		};
		0184E3002B76502D00875BB7 /* Debug */ = {
			isa = XCBuildConfiguration;
			buildSettings = {
				CLANG_ENABLE_MODULES = YES;
				CODE_SIGN_STYLE = Automatic;
				DYLIB_COMPATIBILITY_VERSION = 1;
				DYLIB_CURRENT_VERSION = 1;
				EXECUTABLE_PREFIX = lib;
				MACOSX_DEPLOYMENT_TARGET = 10.13;
				PRODUCT_NAME = "$(TARGET_NAME)";
				SKIP_INSTALL = YES;
				SWIFT_OBJC_BRIDGING_HEADER = "src/NativeInterop-Bridging-Header.h";
				SWIFT_OPTIMIZATION_LEVEL = "-Onone";
				SWIFT_VERSION = 5.0;
			};
			name = Debug;
		};
		0184E3012B76502D00875BB7 /* Release */ = {
			isa = XCBuildConfiguration;
			buildSettings = {
				CLANG_ENABLE_MODULES = YES;
				CODE_SIGN_STYLE = Automatic;
				DYLIB_COMPATIBILITY_VERSION = 1;
				DYLIB_CURRENT_VERSION = 1;
				EXECUTABLE_PREFIX = lib;
				MACOSX_DEPLOYMENT_TARGET = 10.13;
				PRODUCT_NAME = "$(TARGET_NAME)";
				SKIP_INSTALL = YES;
				SWIFT_OBJC_BRIDGING_HEADER = "src/NativeInterop-Bridging-Header.h";
				SWIFT_VERSION = 5.0;
			};
			name = Release;
		};
/* End XCBuildConfiguration section */

/* Begin XCConfigurationList section */
		0184E2F12B76502D00875BB7 /* Build configuration list for PBXProject "NativeInterop" */ = {
			isa = XCConfigurationList;
			buildConfigurations = (
				0184E2FD2B76502D00875BB7 /* Debug */,
				0184E2FE2B76502D00875BB7 /* Release */,
			);
			defaultConfigurationIsVisible = 0;
			defaultConfigurationName = Release;
		};
		0184E2FF2B76502D00875BB7 /* Build configuration list for PBXNativeTarget "NativeInterop" */ = {
			isa = XCConfigurationList;
			buildConfigurations = (
				0184E3002B76502D00875BB7 /* Debug */,
				0184E3012B76502D00875BB7 /* Release */,
			);
			defaultConfigurationIsVisible = 0;
			defaultConfigurationName = Release;
		};
/* End XCConfigurationList section */

/* Begin XCRemoteSwiftPackageReference section */
		0194D8F32B7650E000B647DB /* XCRemoteSwiftPackageReference "Magnet" */ = {
			isa = XCRemoteSwiftPackageReference;
			repositoryURL = "https://github.com/Clipy/Magnet";
			requirement = {
				branch = master;
				kind = branch;
			};
		};
		0194D8F62B7650FC00B647DB /* XCRemoteSwiftPackageReference "Sauce" */ = {
			isa = XCRemoteSwiftPackageReference;
			repositoryURL = "https://github.com/Clipy/Sauce";
			requirement = {
				branch = master;
				kind = branch;
			};
		};
/* End XCRemoteSwiftPackageReference section */

/* Begin XCSwiftPackageProductDependency section */
		0194D8F42B7650E000B647DB /* Magnet */ = {
			isa = XCSwiftPackageProductDependency;
			package = 0194D8F32B7650E000B647DB /* XCRemoteSwiftPackageReference "Magnet" */;
			productName = Magnet;
		};
		0194D8F72B7650FC00B647DB /* Sauce */ = {
			isa = XCSwiftPackageProductDependency;
			package = 0194D8F62B7650FC00B647DB /* XCRemoteSwiftPackageReference "Sauce" */;
			productName = Sauce;
		};
/* End XCSwiftPackageProductDependency section */
	};
	rootObject = 0184E2EE2B76502D00875BB7 /* Project object */;
}
